// !$*UTF8*$!
{
	archiveVersion = 1;
	classes = {
	};
	objectVersion = 50;
	objects = {

/* Begin PBXBuildFile section */
		9A07DBDA241A1023004E4C25 /* QuizInteractor.swift in Sources */ = {isa = PBXBuildFile; fileRef = 9A07DBD9241A1023004E4C25 /* QuizInteractor.swift */; };
		9A07DBDD241CC149004E4C25 /* Alert.swift in Sources */ = {isa = PBXBuildFile; fileRef = 9A07DBDC241CC149004E4C25 /* Alert.swift */; };
		9A07DBE3241CFB6F004E4C25 /* StartViewController.swift in Sources */ = {isa = PBXBuildFile; fileRef = 9A07DBE2241CFB6F004E4C25 /* StartViewController.swift */; };
		9A07DBE5241CFE2E004E4C25 /* UIViewController.swift in Sources */ = {isa = PBXBuildFile; fileRef = 9A07DBE4241CFE2E004E4C25 /* UIViewController.swift */; };
		9A4C0942241A023600756BDB /* GearboxModel.swift in Sources */ = {isa = PBXBuildFile; fileRef = 9A4C0941241A023600756BDB /* GearboxModel.swift */; };
		9A4C0945241A028F00756BDB /* GearboxComponents.swift in Sources */ = {isa = PBXBuildFile; fileRef = 9A4C0944241A028F00756BDB /* GearboxComponents.swift */; };
		9A6CD6CF241779E7009FC5F1 /* QuestionModel.swift in Sources */ = {isa = PBXBuildFile; fileRef = 9A6CD6CE241779E7009FC5F1 /* QuestionModel.swift */; };
		9A6CD6D5241929B4009FC5F1 /* QuestionEnum.swift in Sources */ = {isa = PBXBuildFile; fileRef = 9A6CD6D4241929B4009FC5F1 /* QuestionEnum.swift */; };
		9A6CD6D7241950C2009FC5F1 /* QuestionText.swift in Sources */ = {isa = PBXBuildFile; fileRef = 9A6CD6D6241950C2009FC5F1 /* QuestionText.swift */; };
		9A6D3885241E470500E25A1D /* CostOptionViewModel.swift in Sources */ = {isa = PBXBuildFile; fileRef = 9A6D3884241E470500E25A1D /* CostOptionViewModel.swift */; };
		9A6D3888241E479E00E25A1D /* CostOptionText.swift in Sources */ = {isa = PBXBuildFile; fileRef = 9A6D3887241E479E00E25A1D /* CostOptionText.swift */; };
		9A6D388C241E493E00E25A1D /* SmoothnessOptionText.swift in Sources */ = {isa = PBXBuildFile; fileRef = 9A6D388B241E493E00E25A1D /* SmoothnessOptionText.swift */; };
		9A6D388E241E495100E25A1D /* SmoothnessOptionViewModel.swift in Sources */ = {isa = PBXBuildFile; fileRef = 9A6D388D241E495100E25A1D /* SmoothnessOptionViewModel.swift */; };
		9A6D3892241E571300E25A1D /* InputDataViewController.swift in Sources */ = {isa = PBXBuildFile; fileRef = 9A6D3891241E571300E25A1D /* InputDataViewController.swift */; };
		9A6D3894241E57C000E25A1D /* TextField.swift in Sources */ = {isa = PBXBuildFile; fileRef = 9A6D3893241E57C000E25A1D /* TextField.swift */; };
		9A6D3896241E580200E25A1D /* String.swift in Sources */ = {isa = PBXBuildFile; fileRef = 9A6D3895241E580200E25A1D /* String.swift */; };
		9A6D3898241E582800E25A1D /* UnpermittedSymbols.swift in Sources */ = {isa = PBXBuildFile; fileRef = 9A6D3897241E582800E25A1D /* UnpermittedSymbols.swift */; };
		9A6D389A241E586500E25A1D /* Warnings.swift in Sources */ = {isa = PBXBuildFile; fileRef = 9A6D3899241E586500E25A1D /* Warnings.swift */; };
		9A6D389C241E589D00E25A1D /* InputDataPresenter.swift in Sources */ = {isa = PBXBuildFile; fileRef = 9A6D389B241E589D00E25A1D /* InputDataPresenter.swift */; };
		9A6D389F241E732D00E25A1D /* GeneratorModel.swift in Sources */ = {isa = PBXBuildFile; fileRef = 9A6D389E241E732D00E25A1D /* GeneratorModel.swift */; };
		9A6D38A2241E7B8000E25A1D /* GeneratorComponents.swift in Sources */ = {isa = PBXBuildFile; fileRef = 9A6D38A1241E7B8000E25A1D /* GeneratorComponents.swift */; };
		9A6D38A5241E8FD600E25A1D /* QuizFinalViewController.swift in Sources */ = {isa = PBXBuildFile; fileRef = 9A6D38A4241E8FD600E25A1D /* QuizFinalViewController.swift */; };
		9A6D38AA241E9B7800E25A1D /* ResultPrinters.swift in Sources */ = {isa = PBXBuildFile; fileRef = 9A6D38A9241E9B7800E25A1D /* ResultPrinters.swift */; };
		9A6D38AC241EAB3700E25A1D /* ResultLabel.swift in Sources */ = {isa = PBXBuildFile; fileRef = 9A6D38AB241EAB3700E25A1D /* ResultLabel.swift */; };
		9A716FA324164BC90070E214 /* SchemeImage.swift in Sources */ = {isa = PBXBuildFile; fileRef = 9A716FA224164BC90070E214 /* SchemeImage.swift */; };
		9A716FA524165A670070E214 /* Enum.swift in Sources */ = {isa = PBXBuildFile; fileRef = 9A716FA424165A670070E214 /* Enum.swift */; };
		9A716FAA241671860070E214 /* OptionViewModelProtocol.swift in Sources */ = {isa = PBXBuildFile; fileRef = 9A716FA9241671860070E214 /* OptionViewModelProtocol.swift */; };
		9A716FAC241671CC0070E214 /* QuizPresenterP.swift in Sources */ = {isa = PBXBuildFile; fileRef = 9A716FAB241671CC0070E214 /* QuizPresenterP.swift */; };
		9A716FAE241672070070E214 /* QuizViewControllerP.swift in Sources */ = {isa = PBXBuildFile; fileRef = 9A716FAD241672070070E214 /* QuizViewControllerP.swift */; };
		9A716FB0241675440070E214 /* QuestionModelP.swift in Sources */ = {isa = PBXBuildFile; fileRef = 9A716FAF241675440070E214 /* QuestionModelP.swift */; };
		9A716FB224168C8B0070E214 /* QuizRouter.swift in Sources */ = {isa = PBXBuildFile; fileRef = 9A716FB124168C8B0070E214 /* QuizRouter.swift */; };
		9A716FB424168CC40070E214 /* QuizRouterP.swift in Sources */ = {isa = PBXBuildFile; fileRef = 9A716FB324168CC40070E214 /* QuizRouterP.swift */; };
		9A716FBB241697C60070E214 /* TransmissionOptionViewModel.swift in Sources */ = {isa = PBXBuildFile; fileRef = 9A716FBA241697C60070E214 /* TransmissionOptionViewModel.swift */; };
		9A716FC0241698070070E214 /* TransmissionText.swift in Sources */ = {isa = PBXBuildFile; fileRef = 9A716FBF241698070070E214 /* TransmissionText.swift */; };
		9A9E2A092414008C0000340A /* AppDelegate.swift in Sources */ = {isa = PBXBuildFile; fileRef = 9A9E2A082414008C0000340A /* AppDelegate.swift */; };
		9A9E2A0B2414008C0000340A /* SceneDelegate.swift in Sources */ = {isa = PBXBuildFile; fileRef = 9A9E2A0A2414008C0000340A /* SceneDelegate.swift */; };
		9A9E2A0D2414008C0000340A /* QuizViewController.swift in Sources */ = {isa = PBXBuildFile; fileRef = 9A9E2A0C2414008C0000340A /* QuizViewController.swift */; };
		9A9E2A102414008C0000340A /* Main.storyboard in Resources */ = {isa = PBXBuildFile; fileRef = 9A9E2A0E2414008C0000340A /* Main.storyboard */; };
		9A9E2A122414008F0000340A /* Assets.xcassets in Resources */ = {isa = PBXBuildFile; fileRef = 9A9E2A112414008F0000340A /* Assets.xcassets */; };
		9A9E2A152414008F0000340A /* LaunchScreen.storyboard in Resources */ = {isa = PBXBuildFile; fileRef = 9A9E2A132414008F0000340A /* LaunchScreen.storyboard */; };
		9A9E2A202414008F0000340A /* Machine_DetailsTests.swift in Sources */ = {isa = PBXBuildFile; fileRef = 9A9E2A1F2414008F0000340A /* Machine_DetailsTests.swift */; };
		9A9E2A2B2414008F0000340A /* Machine_DetailsUITests.swift in Sources */ = {isa = PBXBuildFile; fileRef = 9A9E2A2A2414008F0000340A /* Machine_DetailsUITests.swift */; };
		9A9E2A3F241424B00000340A /* Colors.swift in Sources */ = {isa = PBXBuildFile; fileRef = 9A9E2A3E241424B00000340A /* Colors.swift */; };
		9A9E2A422414261D0000340A /* UIImage.swift in Sources */ = {isa = PBXBuildFile; fileRef = 9A9E2A412414261D0000340A /* UIImage.swift */; };
		9A9E2A4424142BD00000340A /* QuizPresenter.swift in Sources */ = {isa = PBXBuildFile; fileRef = 9A9E2A4324142BD00000340A /* QuizPresenter.swift */; };
		9A9E2A4B24143FC80000340A /* QuizTableViewCell.swift in Sources */ = {isa = PBXBuildFile; fileRef = 9A9E2A4A24143FC80000340A /* QuizTableViewCell.swift */; };
		9A9E2A4E241448A90000340A /* SchemeOptionViewModel.swift in Sources */ = {isa = PBXBuildFile; fileRef = 9A9E2A4D241448A90000340A /* SchemeOptionViewModel.swift */; };
		9ABB8A74241A05870010D9DD /* ChainTransmissionModel.swift in Sources */ = {isa = PBXBuildFile; fileRef = 9ABB8A73241A05870010D9DD /* ChainTransmissionModel.swift */; };
		9ABB8A77241A06330010D9DD /* BeltTransmissionModel.swift in Sources */ = {isa = PBXBuildFile; fileRef = 9ABB8A76241A06330010D9DD /* BeltTransmissionModel.swift */; };
		9ABB8A79241A06660010D9DD /* ResultModel.swift in Sources */ = {isa = PBXBuildFile; fileRef = 9ABB8A78241A06660010D9DD /* ResultModel.swift */; };
/* End PBXBuildFile section */

/* Begin PBXContainerItemProxy section */
		9A9E2A1C2414008F0000340A /* PBXContainerItemProxy */ = {
			isa = PBXContainerItemProxy;
			containerPortal = 9A9E29FD2414008C0000340A /* Project object */;
			proxyType = 1;
			remoteGlobalIDString = 9A9E2A042414008C0000340A;
			remoteInfo = "Machine Details";
		};
		9A9E2A272414008F0000340A /* PBXContainerItemProxy */ = {
			isa = PBXContainerItemProxy;
			containerPortal = 9A9E29FD2414008C0000340A /* Project object */;
			proxyType = 1;
			remoteGlobalIDString = 9A9E2A042414008C0000340A;
			remoteInfo = "Machine Details";
		};
/* End PBXContainerItemProxy section */

/* Begin PBXFileReference section */
		9A07DBD9241A1023004E4C25 /* QuizInteractor.swift */ = {isa = PBXFileReference; lastKnownFileType = sourcecode.swift; path = QuizInteractor.swift; sourceTree = "<group>"; };
		9A07DBDC241CC149004E4C25 /* Alert.swift */ = {isa = PBXFileReference; lastKnownFileType = sourcecode.swift; path = Alert.swift; sourceTree = "<group>"; };
		9A07DBE2241CFB6F004E4C25 /* StartViewController.swift */ = {isa = PBXFileReference; lastKnownFileType = sourcecode.swift; path = StartViewController.swift; sourceTree = "<group>"; };
		9A07DBE4241CFE2E004E4C25 /* UIViewController.swift */ = {isa = PBXFileReference; lastKnownFileType = sourcecode.swift; path = UIViewController.swift; sourceTree = "<group>"; };
		9A4C0941241A023600756BDB /* GearboxModel.swift */ = {isa = PBXFileReference; lastKnownFileType = sourcecode.swift; path = GearboxModel.swift; sourceTree = "<group>"; };
		9A4C0944241A028F00756BDB /* GearboxComponents.swift */ = {isa = PBXFileReference; lastKnownFileType = sourcecode.swift; path = GearboxComponents.swift; sourceTree = "<group>"; };
		9A6CD6CE241779E7009FC5F1 /* QuestionModel.swift */ = {isa = PBXFileReference; lastKnownFileType = sourcecode.swift; path = QuestionModel.swift; sourceTree = "<group>"; };
		9A6CD6D4241929B4009FC5F1 /* QuestionEnum.swift */ = {isa = PBXFileReference; lastKnownFileType = sourcecode.swift; path = QuestionEnum.swift; sourceTree = "<group>"; };
		9A6CD6D6241950C2009FC5F1 /* QuestionText.swift */ = {isa = PBXFileReference; lastKnownFileType = sourcecode.swift; path = QuestionText.swift; sourceTree = "<group>"; };
		9A6D3884241E470500E25A1D /* CostOptionViewModel.swift */ = {isa = PBXFileReference; lastKnownFileType = sourcecode.swift; path = CostOptionViewModel.swift; sourceTree = "<group>"; };
		9A6D3887241E479E00E25A1D /* CostOptionText.swift */ = {isa = PBXFileReference; lastKnownFileType = sourcecode.swift; path = CostOptionText.swift; sourceTree = "<group>"; };
		9A6D388B241E493E00E25A1D /* SmoothnessOptionText.swift */ = {isa = PBXFileReference; lastKnownFileType = sourcecode.swift; path = SmoothnessOptionText.swift; sourceTree = "<group>"; };
		9A6D388D241E495100E25A1D /* SmoothnessOptionViewModel.swift */ = {isa = PBXFileReference; lastKnownFileType = sourcecode.swift; path = SmoothnessOptionViewModel.swift; sourceTree = "<group>"; };
		9A6D3891241E571300E25A1D /* InputDataViewController.swift */ = {isa = PBXFileReference; lastKnownFileType = sourcecode.swift; path = InputDataViewController.swift; sourceTree = "<group>"; };
		9A6D3893241E57C000E25A1D /* TextField.swift */ = {isa = PBXFileReference; lastKnownFileType = sourcecode.swift; path = TextField.swift; sourceTree = "<group>"; };
		9A6D3895241E580200E25A1D /* String.swift */ = {isa = PBXFileReference; lastKnownFileType = sourcecode.swift; path = String.swift; sourceTree = "<group>"; };
		9A6D3897241E582800E25A1D /* UnpermittedSymbols.swift */ = {isa = PBXFileReference; lastKnownFileType = sourcecode.swift; path = UnpermittedSymbols.swift; sourceTree = "<group>"; };
		9A6D3899241E586500E25A1D /* Warnings.swift */ = {isa = PBXFileReference; lastKnownFileType = sourcecode.swift; path = Warnings.swift; sourceTree = "<group>"; };
		9A6D389B241E589D00E25A1D /* InputDataPresenter.swift */ = {isa = PBXFileReference; lastKnownFileType = sourcecode.swift; path = InputDataPresenter.swift; sourceTree = "<group>"; };
		9A6D389E241E732D00E25A1D /* GeneratorModel.swift */ = {isa = PBXFileReference; lastKnownFileType = sourcecode.swift; path = GeneratorModel.swift; sourceTree = "<group>"; };
		9A6D38A1241E7B8000E25A1D /* GeneratorComponents.swift */ = {isa = PBXFileReference; lastKnownFileType = sourcecode.swift; path = GeneratorComponents.swift; sourceTree = "<group>"; };
		9A6D38A4241E8FD600E25A1D /* QuizFinalViewController.swift */ = {isa = PBXFileReference; lastKnownFileType = sourcecode.swift; path = QuizFinalViewController.swift; sourceTree = "<group>"; };
		9A6D38A9241E9B7800E25A1D /* ResultPrinters.swift */ = {isa = PBXFileReference; lastKnownFileType = sourcecode.swift; path = ResultPrinters.swift; sourceTree = "<group>"; };
		9A6D38AB241EAB3700E25A1D /* ResultLabel.swift */ = {isa = PBXFileReference; lastKnownFileType = sourcecode.swift; path = ResultLabel.swift; sourceTree = "<group>"; };
		9A716FA224164BC90070E214 /* SchemeImage.swift */ = {isa = PBXFileReference; lastKnownFileType = sourcecode.swift; path = SchemeImage.swift; sourceTree = "<group>"; };
		9A716FA424165A670070E214 /* Enum.swift */ = {isa = PBXFileReference; lastKnownFileType = sourcecode.swift; path = Enum.swift; sourceTree = "<group>"; };
		9A716FA9241671860070E214 /* OptionViewModelProtocol.swift */ = {isa = PBXFileReference; lastKnownFileType = sourcecode.swift; path = OptionViewModelProtocol.swift; sourceTree = "<group>"; };
		9A716FAB241671CC0070E214 /* QuizPresenterP.swift */ = {isa = PBXFileReference; lastKnownFileType = sourcecode.swift; path = QuizPresenterP.swift; sourceTree = "<group>"; };
		9A716FAD241672070070E214 /* QuizViewControllerP.swift */ = {isa = PBXFileReference; lastKnownFileType = sourcecode.swift; path = QuizViewControllerP.swift; sourceTree = "<group>"; };
		9A716FAF241675440070E214 /* QuestionModelP.swift */ = {isa = PBXFileReference; lastKnownFileType = sourcecode.swift; path = QuestionModelP.swift; sourceTree = "<group>"; };
		9A716FB124168C8B0070E214 /* QuizRouter.swift */ = {isa = PBXFileReference; lastKnownFileType = sourcecode.swift; path = QuizRouter.swift; sourceTree = "<group>"; };
		9A716FB324168CC40070E214 /* QuizRouterP.swift */ = {isa = PBXFileReference; lastKnownFileType = sourcecode.swift; path = QuizRouterP.swift; sourceTree = "<group>"; };
		9A716FBA241697C60070E214 /* TransmissionOptionViewModel.swift */ = {isa = PBXFileReference; lastKnownFileType = sourcecode.swift; path = TransmissionOptionViewModel.swift; sourceTree = "<group>"; };
		9A716FBF241698070070E214 /* TransmissionText.swift */ = {isa = PBXFileReference; lastKnownFileType = sourcecode.swift; path = TransmissionText.swift; sourceTree = "<group>"; };
		9A9E2A052414008C0000340A /* Machine Details.app */ = {isa = PBXFileReference; explicitFileType = wrapper.application; includeInIndex = 0; path = "Machine Details.app"; sourceTree = BUILT_PRODUCTS_DIR; };
		9A9E2A082414008C0000340A /* AppDelegate.swift */ = {isa = PBXFileReference; lastKnownFileType = sourcecode.swift; path = AppDelegate.swift; sourceTree = "<group>"; };
		9A9E2A0A2414008C0000340A /* SceneDelegate.swift */ = {isa = PBXFileReference; lastKnownFileType = sourcecode.swift; path = SceneDelegate.swift; sourceTree = "<group>"; };
		9A9E2A0C2414008C0000340A /* QuizViewController.swift */ = {isa = PBXFileReference; lastKnownFileType = sourcecode.swift; path = QuizViewController.swift; sourceTree = "<group>"; };
		9A9E2A0F2414008C0000340A /* Base */ = {isa = PBXFileReference; lastKnownFileType = file.storyboard; name = Base; path = Base.lproj/Main.storyboard; sourceTree = "<group>"; };
		9A9E2A112414008F0000340A /* Assets.xcassets */ = {isa = PBXFileReference; lastKnownFileType = folder.assetcatalog; path = Assets.xcassets; sourceTree = "<group>"; };
		9A9E2A142414008F0000340A /* Base */ = {isa = PBXFileReference; lastKnownFileType = file.storyboard; name = Base; path = Base.lproj/LaunchScreen.storyboard; sourceTree = "<group>"; };
		9A9E2A162414008F0000340A /* Info.plist */ = {isa = PBXFileReference; lastKnownFileType = text.plist.xml; path = Info.plist; sourceTree = "<group>"; };
		9A9E2A1B2414008F0000340A /* Machine DetailsTests.xctest */ = {isa = PBXFileReference; explicitFileType = wrapper.cfbundle; includeInIndex = 0; path = "Machine DetailsTests.xctest"; sourceTree = BUILT_PRODUCTS_DIR; };
		9A9E2A1F2414008F0000340A /* Machine_DetailsTests.swift */ = {isa = PBXFileReference; lastKnownFileType = sourcecode.swift; path = Machine_DetailsTests.swift; sourceTree = "<group>"; };
		9A9E2A212414008F0000340A /* Info.plist */ = {isa = PBXFileReference; lastKnownFileType = text.plist.xml; path = Info.plist; sourceTree = "<group>"; };
		9A9E2A262414008F0000340A /* Machine DetailsUITests.xctest */ = {isa = PBXFileReference; explicitFileType = wrapper.cfbundle; includeInIndex = 0; path = "Machine DetailsUITests.xctest"; sourceTree = BUILT_PRODUCTS_DIR; };
		9A9E2A2A2414008F0000340A /* Machine_DetailsUITests.swift */ = {isa = PBXFileReference; lastKnownFileType = sourcecode.swift; path = Machine_DetailsUITests.swift; sourceTree = "<group>"; };
		9A9E2A2C2414008F0000340A /* Info.plist */ = {isa = PBXFileReference; lastKnownFileType = text.plist.xml; path = Info.plist; sourceTree = "<group>"; };
		9A9E2A3E241424B00000340A /* Colors.swift */ = {isa = PBXFileReference; lastKnownFileType = sourcecode.swift; path = Colors.swift; sourceTree = "<group>"; };
		9A9E2A412414261D0000340A /* UIImage.swift */ = {isa = PBXFileReference; lastKnownFileType = sourcecode.swift; path = UIImage.swift; sourceTree = "<group>"; };
		9A9E2A4324142BD00000340A /* QuizPresenter.swift */ = {isa = PBXFileReference; lastKnownFileType = sourcecode.swift; path = QuizPresenter.swift; sourceTree = "<group>"; };
		9A9E2A4A24143FC80000340A /* QuizTableViewCell.swift */ = {isa = PBXFileReference; lastKnownFileType = sourcecode.swift; path = QuizTableViewCell.swift; sourceTree = "<group>"; };
		9A9E2A4D241448A90000340A /* SchemeOptionViewModel.swift */ = {isa = PBXFileReference; lastKnownFileType = sourcecode.swift; path = SchemeOptionViewModel.swift; sourceTree = "<group>"; };
		9ABB8A73241A05870010D9DD /* ChainTransmissionModel.swift */ = {isa = PBXFileReference; lastKnownFileType = sourcecode.swift; path = ChainTransmissionModel.swift; sourceTree = "<group>"; };
		9ABB8A76241A06330010D9DD /* BeltTransmissionModel.swift */ = {isa = PBXFileReference; lastKnownFileType = sourcecode.swift; path = BeltTransmissionModel.swift; sourceTree = "<group>"; };
		9ABB8A78241A06660010D9DD /* ResultModel.swift */ = {isa = PBXFileReference; lastKnownFileType = sourcecode.swift; path = ResultModel.swift; sourceTree = "<group>"; };
/* End PBXFileReference section */

/* Begin PBXFrameworksBuildPhase section */
		9A9E2A022414008C0000340A /* Frameworks */ = {
			isa = PBXFrameworksBuildPhase;
			buildActionMask = 2147483647;
			files = (
			);
			runOnlyForDeploymentPostprocessing = 0;
		};
		9A9E2A182414008F0000340A /* Frameworks */ = {
			isa = PBXFrameworksBuildPhase;
			buildActionMask = 2147483647;
			files = (
			);
			runOnlyForDeploymentPostprocessing = 0;
		};
		9A9E2A232414008F0000340A /* Frameworks */ = {
			isa = PBXFrameworksBuildPhase;
			buildActionMask = 2147483647;
			files = (
			);
			runOnlyForDeploymentPostprocessing = 0;
		};
/* End PBXFrameworksBuildPhase section */

/* Begin PBXGroup section */
		9A07DBE1241CFB5A004E4C25 /* StartViewController */ = {
			isa = PBXGroup;
			children = (
				9A07DBE2241CFB6F004E4C25 /* StartViewController.swift */,
			);
			path = StartViewController;
			sourceTree = "<group>";
		};
		9A29BA6E2416B5E100BDD7DD /* QuestionsModel */ = {
			isa = PBXGroup;
			children = (
				9A9E2A45241430280000340A /* SchemeQuestion */,
				9A716FB7241693440070E214 /* MotionTransmissionQuestion */,
				9A6D3889241E48E800E25A1D /* SmoothnessQuestion */,
				9A6D3883241E46D700E25A1D /* CostQuestion */,
			);
			path = QuestionsModel;
			sourceTree = "<group>";
		};
		9A4C0940241A020A00756BDB /* ResultModel */ = {
			isa = PBXGroup;
			children = (
				9ABB8A78241A06660010D9DD /* ResultModel.swift */,
				9A6D38A0241E7B5F00E25A1D /* Generator */,
				9A4C0943241A026500756BDB /* Gearbox */,
				9ABB8A72241A05500010D9DD /* СhainTransmission */,
				9ABB8A75241A060A0010D9DD /* BeltTransmission */,
			);
			path = ResultModel;
			sourceTree = "<group>";
		};
		9A4C0943241A026500756BDB /* Gearbox */ = {
			isa = PBXGroup;
			children = (
				9A4C0941241A023600756BDB /* GearboxModel.swift */,
				9A4C0944241A028F00756BDB /* GearboxComponents.swift */,
			);
			path = Gearbox;
			sourceTree = "<group>";
		};
		9A6CD6D82419510D009FC5F1 /* QuizEntities */ = {
			isa = PBXGroup;
			children = (
				9A6CD6CE241779E7009FC5F1 /* QuestionModel.swift */,
				9A6CD6D4241929B4009FC5F1 /* QuestionEnum.swift */,
				9A6CD6D6241950C2009FC5F1 /* QuestionText.swift */,
				9A29BA6E2416B5E100BDD7DD /* QuestionsModel */,
				9A4C0940241A020A00756BDB /* ResultModel */,
			);
			path = QuizEntities;
			sourceTree = "<group>";
		};
		9A6D3883241E46D700E25A1D /* CostQuestion */ = {
			isa = PBXGroup;
			children = (
				9A6D3884241E470500E25A1D /* CostOptionViewModel.swift */,
				9A6D3886241E478900E25A1D /* Components */,
			);
			path = CostQuestion;
			sourceTree = "<group>";
		};
		9A6D3886241E478900E25A1D /* Components */ = {
			isa = PBXGroup;
			children = (
				9A6D3887241E479E00E25A1D /* CostOptionText.swift */,
			);
			path = Components;
			sourceTree = "<group>";
		};
		9A6D3889241E48E800E25A1D /* SmoothnessQuestion */ = {
			isa = PBXGroup;
			children = (
				9A6D388D241E495100E25A1D /* SmoothnessOptionViewModel.swift */,
				9A6D388A241E492300E25A1D /* Components */,
			);
			path = SmoothnessQuestion;
			sourceTree = "<group>";
		};
		9A6D388A241E492300E25A1D /* Components */ = {
			isa = PBXGroup;
			children = (
				9A6D388B241E493E00E25A1D /* SmoothnessOptionText.swift */,
			);
			path = Components;
			sourceTree = "<group>";
		};
		9A6D3890241E56CE00E25A1D /* InputDataViewController */ = {
			isa = PBXGroup;
			children = (
				9A6D3891241E571300E25A1D /* InputDataViewController.swift */,
				9A6D389B241E589D00E25A1D /* InputDataPresenter.swift */,
				9A6D3897241E582800E25A1D /* UnpermittedSymbols.swift */,
			);
			path = InputDataViewController;
			sourceTree = "<group>";
		};
		9A6D389D241E628600E25A1D /* Custom Components */ = {
			isa = PBXGroup;
			children = (
				9A6D3899241E586500E25A1D /* Warnings.swift */,
				9A07DBDC241CC149004E4C25 /* Alert.swift */,
			);
			path = "Custom Components";
			sourceTree = "<group>";
		};
		9A6D38A0241E7B5F00E25A1D /* Generator */ = {
			isa = PBXGroup;
			children = (
				9A6D389E241E732D00E25A1D /* GeneratorModel.swift */,
				9A6D38A1241E7B8000E25A1D /* GeneratorComponents.swift */,
			);
			path = Generator;
			sourceTree = "<group>";
		};
		9A6D38A6241E8FDD00E25A1D /* QuizFinalViewController */ = {
			isa = PBXGroup;
			children = (
				9A6D38A4241E8FD600E25A1D /* QuizFinalViewController.swift */,
				9A6D38A8241E9B5D00E25A1D /* Components */,
			);
			path = QuizFinalViewController;
			sourceTree = "<group>";
		};
		9A6D38A8241E9B5D00E25A1D /* Components */ = {
			isa = PBXGroup;
			children = (
				9A6D38AB241EAB3700E25A1D /* ResultLabel.swift */,
				9A6D38A9241E9B7800E25A1D /* ResultPrinters.swift */,
			);
			path = Components;
			sourceTree = "<group>";
		};
		9A716FA124164B570070E214 /* Components */ = {
			isa = PBXGroup;
			children = (
				9A716FA224164BC90070E214 /* SchemeImage.swift */,
			);
			path = Components;
			sourceTree = "<group>";
		};
		9A716FA62416714B0070E214 /* Protocols */ = {
			isa = PBXGroup;
			children = (
				9A716FAD241672070070E214 /* QuizViewControllerP.swift */,
				9A716FAF241675440070E214 /* QuestionModelP.swift */,
				9A716FA9241671860070E214 /* OptionViewModelProtocol.swift */,
				9A716FAB241671CC0070E214 /* QuizPresenterP.swift */,
				9A716FB324168CC40070E214 /* QuizRouterP.swift */,
			);
			path = Protocols;
			sourceTree = "<group>";
		};
		9A716FB7241693440070E214 /* MotionTransmissionQuestion */ = {
			isa = PBXGroup;
			children = (
				9A716FBA241697C60070E214 /* TransmissionOptionViewModel.swift */,
				9A716FBE241697DE0070E214 /* Components */,
			);
			path = MotionTransmissionQuestion;
			sourceTree = "<group>";
		};
		9A716FBE241697DE0070E214 /* Components */ = {
			isa = PBXGroup;
			children = (
				9A716FBF241698070070E214 /* TransmissionText.swift */,
			);
			path = Components;
			sourceTree = "<group>";
		};
		9A9E29FC2414008C0000340A = {
			isa = PBXGroup;
			children = (
				9A6D389D241E628600E25A1D /* Custom Components */,
				9A9E2A3924141F700000340A /* Extensions */,
				9A716FA62416714B0070E214 /* Protocols */,
				9A07DBE1241CFB5A004E4C25 /* StartViewController */,
				9A6D3890241E56CE00E25A1D /* InputDataViewController */,
				9A9E2A072414008C0000340A /* Quiz */,
				9A6D38A6241E8FDD00E25A1D /* QuizFinalViewController */,
				9A9E2A38241401BA0000340A /* Additionals */,
				9A9E2A062414008C0000340A /* Products */,
			);
			sourceTree = "<group>";
		};
		9A9E2A062414008C0000340A /* Products */ = {
			isa = PBXGroup;
			children = (
				9A9E2A052414008C0000340A /* Machine Details.app */,
				9A9E2A1B2414008F0000340A /* Machine DetailsTests.xctest */,
				9A9E2A262414008F0000340A /* Machine DetailsUITests.xctest */,
			);
			name = Products;
			sourceTree = "<group>";
		};
		9A9E2A072414008C0000340A /* Quiz */ = {
			isa = PBXGroup;
			children = (
				9A9E2A0C2414008C0000340A /* QuizViewController.swift */,
				9A07DBD9241A1023004E4C25 /* QuizInteractor.swift */,
				9A9E2A4324142BD00000340A /* QuizPresenter.swift */,
				9A6CD6D82419510D009FC5F1 /* QuizEntities */,
				9A716FB124168C8B0070E214 /* QuizRouter.swift */,
				9A9E2A4A24143FC80000340A /* QuizTableViewCell.swift */,
			);
			path = Quiz;
			sourceTree = "<group>";
		};
		9A9E2A1E2414008F0000340A /* Machine DetailsTests */ = {
			isa = PBXGroup;
			children = (
				9A9E2A1F2414008F0000340A /* Machine_DetailsTests.swift */,
				9A9E2A212414008F0000340A /* Info.plist */,
			);
			path = "Machine DetailsTests";
			sourceTree = "<group>";
		};
		9A9E2A292414008F0000340A /* Machine DetailsUITests */ = {
			isa = PBXGroup;
			children = (
				9A9E2A2A2414008F0000340A /* Machine_DetailsUITests.swift */,
				9A9E2A2C2414008F0000340A /* Info.plist */,
			);
			path = "Machine DetailsUITests";
			sourceTree = "<group>";
		};
		9A9E2A38241401BA0000340A /* Additionals */ = {
			isa = PBXGroup;
			children = (
				9A9E2A082414008C0000340A /* AppDelegate.swift */,
				9A9E2A0A2414008C0000340A /* SceneDelegate.swift */,
				9A9E2A0E2414008C0000340A /* Main.storyboard */,
				9A9E2A132414008F0000340A /* LaunchScreen.storyboard */,
				9A9E2A112414008F0000340A /* Assets.xcassets */,
				9A9E2A162414008F0000340A /* Info.plist */,
				9A9E2A292414008F0000340A /* Machine DetailsUITests */,
				9A9E2A1E2414008F0000340A /* Machine DetailsTests */,
			);
			path = Additionals;
			sourceTree = "<group>";
		};
		9A9E2A3924141F700000340A /* Extensions */ = {
			isa = PBXGroup;
			children = (
				9A9E2A3E241424B00000340A /* Colors.swift */,
				9A07DBE4241CFE2E004E4C25 /* UIViewController.swift */,
				9A9E2A412414261D0000340A /* UIImage.swift */,
				9A716FA424165A670070E214 /* Enum.swift */,
				9A6D3893241E57C000E25A1D /* TextField.swift */,
				9A6D3895241E580200E25A1D /* String.swift */,
			);
			path = Extensions;
			sourceTree = "<group>";
		};
		9A9E2A45241430280000340A /* SchemeQuestion */ = {
			isa = PBXGroup;
			children = (
				9A9E2A4D241448A90000340A /* SchemeOptionViewModel.swift */,
				9A716FA124164B570070E214 /* Components */,
			);
			path = SchemeQuestion;
			sourceTree = "<group>";
		};
		9ABB8A72241A05500010D9DD /* СhainTransmission */ = {
			isa = PBXGroup;
			children = (
				9ABB8A73241A05870010D9DD /* ChainTransmissionModel.swift */,
			);
			path = "СhainTransmission";
			sourceTree = "<group>";
		};
		9ABB8A75241A060A0010D9DD /* BeltTransmission */ = {
			isa = PBXGroup;
			children = (
				9ABB8A76241A06330010D9DD /* BeltTransmissionModel.swift */,
			);
			path = BeltTransmission;
			sourceTree = "<group>";
		};
/* End PBXGroup section */

/* Begin PBXNativeTarget section */
		9A9E2A042414008C0000340A /* Machine Details */ = {
			isa = PBXNativeTarget;
			buildConfigurationList = 9A9E2A2F2414008F0000340A /* Build configuration list for PBXNativeTarget "Machine Details" */;
			buildPhases = (
				9A9E2A012414008C0000340A /* Sources */,
				9A9E2A022414008C0000340A /* Frameworks */,
				9A9E2A032414008C0000340A /* Resources */,
			);
			buildRules = (
			);
			dependencies = (
			);
			name = "Machine Details";
			productName = "Machine Details";
			productReference = 9A9E2A052414008C0000340A /* Machine Details.app */;
			productType = "com.apple.product-type.application";
		};
		9A9E2A1A2414008F0000340A /* Machine DetailsTests */ = {
			isa = PBXNativeTarget;
			buildConfigurationList = 9A9E2A322414008F0000340A /* Build configuration list for PBXNativeTarget "Machine DetailsTests" */;
			buildPhases = (
				9A9E2A172414008F0000340A /* Sources */,
				9A9E2A182414008F0000340A /* Frameworks */,
				9A9E2A192414008F0000340A /* Resources */,
			);
			buildRules = (
			);
			dependencies = (
				9A9E2A1D2414008F0000340A /* PBXTargetDependency */,
			);
			name = "Machine DetailsTests";
			productName = "Machine DetailsTests";
			productReference = 9A9E2A1B2414008F0000340A /* Machine DetailsTests.xctest */;
			productType = "com.apple.product-type.bundle.unit-test";
		};
		9A9E2A252414008F0000340A /* Machine DetailsUITests */ = {
			isa = PBXNativeTarget;
			buildConfigurationList = 9A9E2A352414008F0000340A /* Build configuration list for PBXNativeTarget "Machine DetailsUITests" */;
			buildPhases = (
				9A9E2A222414008F0000340A /* Sources */,
				9A9E2A232414008F0000340A /* Frameworks */,
				9A9E2A242414008F0000340A /* Resources */,
			);
			buildRules = (
			);
			dependencies = (
				9A9E2A282414008F0000340A /* PBXTargetDependency */,
			);
			name = "Machine DetailsUITests";
			productName = "Machine DetailsUITests";
			productReference = 9A9E2A262414008F0000340A /* Machine DetailsUITests.xctest */;
			productType = "com.apple.product-type.bundle.ui-testing";
		};
/* End PBXNativeTarget section */

/* Begin PBXProject section */
		9A9E29FD2414008C0000340A /* Project object */ = {
			isa = PBXProject;
			attributes = {
				LastSwiftUpdateCheck = 1130;
				LastUpgradeCheck = 1130;
				ORGANIZATIONNAME = DavidS;
				TargetAttributes = {
					9A9E2A042414008C0000340A = {
						CreatedOnToolsVersion = 11.3.1;
					};
					9A9E2A1A2414008F0000340A = {
						CreatedOnToolsVersion = 11.3.1;
						TestTargetID = 9A9E2A042414008C0000340A;
					};
					9A9E2A252414008F0000340A = {
						CreatedOnToolsVersion = 11.3.1;
						TestTargetID = 9A9E2A042414008C0000340A;
					};
				};
			};
			buildConfigurationList = 9A9E2A002414008C0000340A /* Build configuration list for PBXProject "Machine Details" */;
			compatibilityVersion = "Xcode 9.3";
			developmentRegion = en;
			hasScannedForEncodings = 0;
			knownRegions = (
				en,
				Base,
			);
			mainGroup = 9A9E29FC2414008C0000340A;
			productRefGroup = 9A9E2A062414008C0000340A /* Products */;
			projectDirPath = "";
			projectRoot = "";
			targets = (
				9A9E2A042414008C0000340A /* Machine Details */,
				9A9E2A1A2414008F0000340A /* Machine DetailsTests */,
				9A9E2A252414008F0000340A /* Machine DetailsUITests */,
			);
		};
/* End PBXProject section */

/* Begin PBXResourcesBuildPhase section */
		9A9E2A032414008C0000340A /* Resources */ = {
			isa = PBXResourcesBuildPhase;
			buildActionMask = 2147483647;
			files = (
				9A9E2A152414008F0000340A /* LaunchScreen.storyboard in Resources */,
				9A9E2A122414008F0000340A /* Assets.xcassets in Resources */,
				9A9E2A102414008C0000340A /* Main.storyboard in Resources */,
			);
			runOnlyForDeploymentPostprocessing = 0;
		};
		9A9E2A192414008F0000340A /* Resources */ = {
			isa = PBXResourcesBuildPhase;
			buildActionMask = 2147483647;
			files = (
			);
			runOnlyForDeploymentPostprocessing = 0;
		};
		9A9E2A242414008F0000340A /* Resources */ = {
			isa = PBXResourcesBuildPhase;
			buildActionMask = 2147483647;
			files = (
			);
			runOnlyForDeploymentPostprocessing = 0;
		};
/* End PBXResourcesBuildPhase section */

/* Begin PBXSourcesBuildPhase section */
		9A9E2A012414008C0000340A /* Sources */ = {
			isa = PBXSourcesBuildPhase;
			buildActionMask = 2147483647;
			files = (
				9A6CD6CF241779E7009FC5F1 /* QuestionModel.swift in Sources */,
				9A716FBB241697C60070E214 /* TransmissionOptionViewModel.swift in Sources */,
				9A716FAE241672070070E214 /* QuizViewControllerP.swift in Sources */,
				9A6D3898241E582800E25A1D /* UnpermittedSymbols.swift in Sources */,
				9A6CD6D5241929B4009FC5F1 /* QuestionEnum.swift in Sources */,
				9A6D3892241E571300E25A1D /* InputDataViewController.swift in Sources */,
				9A9E2A4B24143FC80000340A /* QuizTableViewCell.swift in Sources */,
				9A07DBE3241CFB6F004E4C25 /* StartViewController.swift in Sources */,
				9A6D3888241E479E00E25A1D /* CostOptionText.swift in Sources */,
				9A9E2A4E241448A90000340A /* SchemeOptionViewModel.swift in Sources */,
				9A07DBDD241CC149004E4C25 /* Alert.swift in Sources */,
				9A6D38A2241E7B8000E25A1D /* GeneratorComponents.swift in Sources */,
				9A9E2A0D2414008C0000340A /* QuizViewController.swift in Sources */,
				9A6D388C241E493E00E25A1D /* SmoothnessOptionText.swift in Sources */,
				9A6D389C241E589D00E25A1D /* InputDataPresenter.swift in Sources */,
				9A716FB224168C8B0070E214 /* QuizRouter.swift in Sources */,
				9A4C0942241A023600756BDB /* GearboxModel.swift in Sources */,
				9A6D3896241E580200E25A1D /* String.swift in Sources */,
				9A6D389A241E586500E25A1D /* Warnings.swift in Sources */,
				9ABB8A77241A06330010D9DD /* BeltTransmissionModel.swift in Sources */,
				9A6D3894241E57C000E25A1D /* TextField.swift in Sources */,
				9A9E2A422414261D0000340A /* UIImage.swift in Sources */,
				9A716FAA241671860070E214 /* OptionViewModelProtocol.swift in Sources */,
				9A07DBE5241CFE2E004E4C25 /* UIViewController.swift in Sources */,
				9A07DBDA241A1023004E4C25 /* QuizInteractor.swift in Sources */,
				9A9E2A3F241424B00000340A /* Colors.swift in Sources */,
				9A4C0945241A028F00756BDB /* GearboxComponents.swift in Sources */,
				9A716FA524165A670070E214 /* Enum.swift in Sources */,
				9ABB8A79241A06660010D9DD /* ResultModel.swift in Sources */,
				9A6D388E241E495100E25A1D /* SmoothnessOptionViewModel.swift in Sources */,
				9A6D38A5241E8FD600E25A1D /* QuizFinalViewController.swift in Sources */,
				9A9E2A092414008C0000340A /* AppDelegate.swift in Sources */,
				9A6D38AA241E9B7800E25A1D /* ResultPrinters.swift in Sources */,
				9ABB8A74241A05870010D9DD /* ChainTransmissionModel.swift in Sources */,
				9A716FA324164BC90070E214 /* SchemeImage.swift in Sources */,
				9A9E2A4424142BD00000340A /* QuizPresenter.swift in Sources */,
				9A6D389F241E732D00E25A1D /* GeneratorModel.swift in Sources */,
				9A6D3885241E470500E25A1D /* CostOptionViewModel.swift in Sources */,
				9A716FB0241675440070E214 /* QuestionModelP.swift in Sources */,
				9A6CD6D7241950C2009FC5F1 /* QuestionText.swift in Sources */,
				9A9E2A0B2414008C0000340A /* SceneDelegate.swift in Sources */,
				9A716FB424168CC40070E214 /* QuizRouterP.swift in Sources */,
				9A6D38AC241EAB3700E25A1D /* ResultLabel.swift in Sources */,
				9A716FC0241698070070E214 /* TransmissionText.swift in Sources */,
				9A716FAC241671CC0070E214 /* QuizPresenterP.swift in Sources */,
			);
			runOnlyForDeploymentPostprocessing = 0;
		};
		9A9E2A172414008F0000340A /* Sources */ = {
			isa = PBXSourcesBuildPhase;
			buildActionMask = 2147483647;
			files = (
				9A9E2A202414008F0000340A /* Machine_DetailsTests.swift in Sources */,
			);
			runOnlyForDeploymentPostprocessing = 0;
		};
		9A9E2A222414008F0000340A /* Sources */ = {
			isa = PBXSourcesBuildPhase;
			buildActionMask = 2147483647;
			files = (
				9A9E2A2B2414008F0000340A /* Machine_DetailsUITests.swift in Sources */,
			);
			runOnlyForDeploymentPostprocessing = 0;
		};
/* End PBXSourcesBuildPhase section */

/* Begin PBXTargetDependency section */
		9A9E2A1D2414008F0000340A /* PBXTargetDependency */ = {
			isa = PBXTargetDependency;
			target = 9A9E2A042414008C0000340A /* Machine Details */;
			targetProxy = 9A9E2A1C2414008F0000340A /* PBXContainerItemProxy */;
		};
		9A9E2A282414008F0000340A /* PBXTargetDependency */ = {
			isa = PBXTargetDependency;
			target = 9A9E2A042414008C0000340A /* Machine Details */;
			targetProxy = 9A9E2A272414008F0000340A /* PBXContainerItemProxy */;
		};
/* End PBXTargetDependency section */

/* Begin PBXVariantGroup section */
		9A9E2A0E2414008C0000340A /* Main.storyboard */ = {
			isa = PBXVariantGroup;
			children = (
				9A9E2A0F2414008C0000340A /* Base */,
			);
			name = Main.storyboard;
			sourceTree = "<group>";
		};
		9A9E2A132414008F0000340A /* LaunchScreen.storyboard */ = {
			isa = PBXVariantGroup;
			children = (
				9A9E2A142414008F0000340A /* Base */,
			);
			name = LaunchScreen.storyboard;
			sourceTree = "<group>";
		};
/* End PBXVariantGroup section */

/* Begin XCBuildConfiguration section */
		9A9E2A2D2414008F0000340A /* Debug */ = {
			isa = XCBuildConfiguration;
			buildSettings = {
				ALWAYS_SEARCH_USER_PATHS = NO;
				CLANG_ANALYZER_NONNULL = YES;
				CLANG_ANALYZER_NUMBER_OBJECT_CONVERSION = YES_AGGRESSIVE;
				CLANG_CXX_LANGUAGE_STANDARD = "gnu++14";
				CLANG_CXX_LIBRARY = "libc++";
				CLANG_ENABLE_MODULES = YES;
				CLANG_ENABLE_OBJC_ARC = YES;
				CLANG_ENABLE_OBJC_WEAK = YES;
				CLANG_WARN_BLOCK_CAPTURE_AUTORELEASING = YES;
				CLANG_WARN_BOOL_CONVERSION = YES;
				CLANG_WARN_COMMA = YES;
				CLANG_WARN_CONSTANT_CONVERSION = YES;
				CLANG_WARN_DEPRECATED_OBJC_IMPLEMENTATIONS = YES;
				CLANG_WARN_DIRECT_OBJC_ISA_USAGE = YES_ERROR;
				CLANG_WARN_DOCUMENTATION_COMMENTS = YES;
				CLANG_WARN_EMPTY_BODY = YES;
				CLANG_WARN_ENUM_CONVERSION = YES;
				CLANG_WARN_INFINITE_RECURSION = YES;
				CLANG_WARN_INT_CONVERSION = YES;
				CLANG_WARN_NON_LITERAL_NULL_CONVERSION = YES;
				CLANG_WARN_OBJC_IMPLICIT_RETAIN_SELF = YES;
				CLANG_WARN_OBJC_LITERAL_CONVERSION = YES;
				CLANG_WARN_OBJC_ROOT_CLASS = YES_ERROR;
				CLANG_WARN_RANGE_LOOP_ANALYSIS = YES;
				CLANG_WARN_STRICT_PROTOTYPES = YES;
				CLANG_WARN_SUSPICIOUS_MOVE = YES;
				CLANG_WARN_UNGUARDED_AVAILABILITY = YES_AGGRESSIVE;
				CLANG_WARN_UNREACHABLE_CODE = YES;
				CLANG_WARN__DUPLICATE_METHOD_MATCH = YES;
				COPY_PHASE_STRIP = NO;
				DEBUG_INFORMATION_FORMAT = dwarf;
				ENABLE_STRICT_OBJC_MSGSEND = YES;
				ENABLE_TESTABILITY = YES;
				GCC_C_LANGUAGE_STANDARD = gnu11;
				GCC_DYNAMIC_NO_PIC = NO;
				GCC_NO_COMMON_BLOCKS = YES;
				GCC_OPTIMIZATION_LEVEL = 0;
				GCC_PREPROCESSOR_DEFINITIONS = (
					"DEBUG=1",
					"$(inherited)",
				);
				GCC_WARN_64_TO_32_BIT_CONVERSION = YES;
				GCC_WARN_ABOUT_RETURN_TYPE = YES_ERROR;
				GCC_WARN_UNDECLARED_SELECTOR = YES;
				GCC_WARN_UNINITIALIZED_AUTOS = YES_AGGRESSIVE;
				GCC_WARN_UNUSED_FUNCTION = YES;
				GCC_WARN_UNUSED_VARIABLE = YES;
				IPHONEOS_DEPLOYMENT_TARGET = 13.2;
				MTL_ENABLE_DEBUG_INFO = INCLUDE_SOURCE;
				MTL_FAST_MATH = YES;
				ONLY_ACTIVE_ARCH = YES;
				SDKROOT = iphoneos;
				SWIFT_ACTIVE_COMPILATION_CONDITIONS = DEBUG;
				SWIFT_OPTIMIZATION_LEVEL = "-Onone";
			};
			name = Debug;
		};
		9A9E2A2E2414008F0000340A /* Release */ = {
			isa = XCBuildConfiguration;
			buildSettings = {
				ALWAYS_SEARCH_USER_PATHS = NO;
				CLANG_ANALYZER_NONNULL = YES;
				CLANG_ANALYZER_NUMBER_OBJECT_CONVERSION = YES_AGGRESSIVE;
				CLANG_CXX_LANGUAGE_STANDARD = "gnu++14";
				CLANG_CXX_LIBRARY = "libc++";
				CLANG_ENABLE_MODULES = YES;
				CLANG_ENABLE_OBJC_ARC = YES;
				CLANG_ENABLE_OBJC_WEAK = YES;
				CLANG_WARN_BLOCK_CAPTURE_AUTORELEASING = YES;
				CLANG_WARN_BOOL_CONVERSION = YES;
				CLANG_WARN_COMMA = YES;
				CLANG_WARN_CONSTANT_CONVERSION = YES;
				CLANG_WARN_DEPRECATED_OBJC_IMPLEMENTATIONS = YES;
				CLANG_WARN_DIRECT_OBJC_ISA_USAGE = YES_ERROR;
				CLANG_WARN_DOCUMENTATION_COMMENTS = YES;
				CLANG_WARN_EMPTY_BODY = YES;
				CLANG_WARN_ENUM_CONVERSION = YES;
				CLANG_WARN_INFINITE_RECURSION = YES;
				CLANG_WARN_INT_CONVERSION = YES;
				CLANG_WARN_NON_LITERAL_NULL_CONVERSION = YES;
				CLANG_WARN_OBJC_IMPLICIT_RETAIN_SELF = YES;
				CLANG_WARN_OBJC_LITERAL_CONVERSION = YES;
				CLANG_WARN_OBJC_ROOT_CLASS = YES_ERROR;
				CLANG_WARN_RANGE_LOOP_ANALYSIS = YES;
				CLANG_WARN_STRICT_PROTOTYPES = YES;
				CLANG_WARN_SUSPICIOUS_MOVE = YES;
				CLANG_WARN_UNGUARDED_AVAILABILITY = YES_AGGRESSIVE;
				CLANG_WARN_UNREACHABLE_CODE = YES;
				CLANG_WARN__DUPLICATE_METHOD_MATCH = YES;
				COPY_PHASE_STRIP = NO;
				DEBUG_INFORMATION_FORMAT = "dwarf-with-dsym";
				ENABLE_NS_ASSERTIONS = NO;
				ENABLE_STRICT_OBJC_MSGSEND = YES;
				GCC_C_LANGUAGE_STANDARD = gnu11;
				GCC_NO_COMMON_BLOCKS = YES;
				GCC_WARN_64_TO_32_BIT_CONVERSION = YES;
				GCC_WARN_ABOUT_RETURN_TYPE = YES_ERROR;
				GCC_WARN_UNDECLARED_SELECTOR = YES;
				GCC_WARN_UNINITIALIZED_AUTOS = YES_AGGRESSIVE;
				GCC_WARN_UNUSED_FUNCTION = YES;
				GCC_WARN_UNUSED_VARIABLE = YES;
				IPHONEOS_DEPLOYMENT_TARGET = 13.2;
				MTL_ENABLE_DEBUG_INFO = NO;
				MTL_FAST_MATH = YES;
				SDKROOT = iphoneos;
				SWIFT_COMPILATION_MODE = wholemodule;
				SWIFT_OPTIMIZATION_LEVEL = "-O";
				VALIDATE_PRODUCT = YES;
			};
			name = Release;
		};
		9A9E2A302414008F0000340A /* Debug */ = {
			isa = XCBuildConfiguration;
			buildSettings = {
				ASSETCATALOG_COMPILER_APPICON_NAME = AppIcon;
				CODE_SIGN_STYLE = Automatic;
				DEVELOPMENT_TEAM = C766QDL97M;
				INFOPLIST_FILE = "$(SRCROOT)/Additionals/Info.plist";
				LD_RUNPATH_SEARCH_PATHS = (
					"$(inherited)",
					"@executable_path/Frameworks",
				);
				PRODUCT_BUNDLE_IDENTIFIER = "com.bmstu.Machine-Details";
				PRODUCT_NAME = "$(TARGET_NAME)";
				SWIFT_VERSION = 5.0;
				TARGETED_DEVICE_FAMILY = "1,2";
			};
			name = Debug;
		};
		9A9E2A312414008F0000340A /* Release */ = {
			isa = XCBuildConfiguration;
			buildSettings = {
				ASSETCATALOG_COMPILER_APPICON_NAME = AppIcon;
				CODE_SIGN_STYLE = Automatic;
				DEVELOPMENT_TEAM = C766QDL97M;
				INFOPLIST_FILE = "$(SRCROOT)/Additionals/Info.plist";
				LD_RUNPATH_SEARCH_PATHS = (
					"$(inherited)",
					"@executable_path/Frameworks",
				);
				PRODUCT_BUNDLE_IDENTIFIER = "com.bmstu.Machine-Details";
				PRODUCT_NAME = "$(TARGET_NAME)";
				SWIFT_VERSION = 5.0;
				TARGETED_DEVICE_FAMILY = "1,2";
			};
			name = Release;
		};
		9A9E2A332414008F0000340A /* Debug */ = {
			isa = XCBuildConfiguration;
			buildSettings = {
				ALWAYS_EMBED_SWIFT_STANDARD_LIBRARIES = YES;
				BUNDLE_LOADER = "$(TEST_HOST)";
				CODE_SIGN_STYLE = Automatic;
				DEVELOPMENT_TEAM = C766QDL97M;
				INFOPLIST_FILE = "Machine DetailsTests/Info.plist";
				IPHONEOS_DEPLOYMENT_TARGET = 13.2;
				LD_RUNPATH_SEARCH_PATHS = (
					"$(inherited)",
					"@executable_path/Frameworks",
					"@loader_path/Frameworks",
				);
				PRODUCT_BUNDLE_IDENTIFIER = "com.bmstu.Machine-DetailsTests";
				PRODUCT_NAME = "$(TARGET_NAME)";
				SWIFT_VERSION = 5.0;
				TARGETED_DEVICE_FAMILY = "1,2";
				TEST_HOST = "$(BUILT_PRODUCTS_DIR)/Machine Details.app/Machine Details";
			};
			name = Debug;
		};
		9A9E2A342414008F0000340A /* Release */ = {
			isa = XCBuildConfiguration;
			buildSettings = {
				ALWAYS_EMBED_SWIFT_STANDARD_LIBRARIES = YES;
				BUNDLE_LOADER = "$(TEST_HOST)";
				CODE_SIGN_STYLE = Automatic;
				DEVELOPMENT_TEAM = C766QDL97M;
				INFOPLIST_FILE = "Machine DetailsTests/Info.plist";
				IPHONEOS_DEPLOYMENT_TARGET = 13.2;
				LD_RUNPATH_SEARCH_PATHS = (
					"$(inherited)",
					"@executable_path/Frameworks",
					"@loader_path/Frameworks",
				);
				PRODUCT_BUNDLE_IDENTIFIER = "com.bmstu.Machine-DetailsTests";
				PRODUCT_NAME = "$(TARGET_NAME)";
				SWIFT_VERSION = 5.0;
				TARGETED_DEVICE_FAMILY = "1,2";
				TEST_HOST = "$(BUILT_PRODUCTS_DIR)/Machine Details.app/Machine Details";
			};
			name = Release;
		};
		9A9E2A362414008F0000340A /* Debug */ = {
			isa = XCBuildConfiguration;
			buildSettings = {
				ALWAYS_EMBED_SWIFT_STANDARD_LIBRARIES = YES;
				CODE_SIGN_STYLE = Automatic;
				DEVELOPMENT_TEAM = C766QDL97M;
				INFOPLIST_FILE = "Machine DetailsUITests/Info.plist";
				LD_RUNPATH_SEARCH_PATHS = (
					"$(inherited)",
					"@executable_path/Frameworks",
					"@loader_path/Frameworks",
				);
				PRODUCT_BUNDLE_IDENTIFIER = "com.bmstu.Machine-DetailsUITests";
				PRODUCT_NAME = "$(TARGET_NAME)";
				SWIFT_VERSION = 5.0;
				TARGETED_DEVICE_FAMILY = "1,2";
				TEST_TARGET_NAME = "Machine Details";
			};
			name = Debug;
		};
		9A9E2A372414008F0000340A /* Release */ = {
			isa = XCBuildConfiguration;
			buildSettings = {
				ALWAYS_EMBED_SWIFT_STANDARD_LIBRARIES = YES;
				CODE_SIGN_STYLE = Automatic;
				DEVELOPMENT_TEAM = C766QDL97M;
				INFOPLIST_FILE = "Machine DetailsUITests/Info.plist";
				LD_RUNPATH_SEARCH_PATHS = (
					"$(inherited)",
					"@executable_path/Frameworks",
					"@loader_path/Frameworks",
				);
				PRODUCT_BUNDLE_IDENTIFIER = "com.bmstu.Machine-DetailsUITests";
				PRODUCT_NAME = "$(TARGET_NAME)";
				SWIFT_VERSION = 5.0;
				TARGETED_DEVICE_FAMILY = "1,2";
				TEST_TARGET_NAME = "Machine Details";
			};
			name = Release;
		};
/* End XCBuildConfiguration section */

/* Begin XCConfigurationList section */
		9A9E2A002414008C0000340A /* Build configuration list for PBXProject "Machine Details" */ = {
			isa = XCConfigurationList;
			buildConfigurations = (
				9A9E2A2D2414008F0000340A /* Debug */,
				9A9E2A2E2414008F0000340A /* Release */,
			);
			defaultConfigurationIsVisible = 0;
			defaultConfigurationName = Release;
		};
		9A9E2A2F2414008F0000340A /* Build configuration list for PBXNativeTarget "Machine Details" */ = {
			isa = XCConfigurationList;
			buildConfigurations = (
				9A9E2A302414008F0000340A /* Debug */,
				9A9E2A312414008F0000340A /* Release */,
			);
			defaultConfigurationIsVisible = 0;
			defaultConfigurationName = Release;
		};
		9A9E2A322414008F0000340A /* Build configuration list for PBXNativeTarget "Machine DetailsTests" */ = {
			isa = XCConfigurationList;
			buildConfigurations = (
				9A9E2A332414008F0000340A /* Debug */,
				9A9E2A342414008F0000340A /* Release */,
			);
			defaultConfigurationIsVisible = 0;
			defaultConfigurationName = Release;
		};
		9A9E2A352414008F0000340A /* Build configuration list for PBXNativeTarget "Machine DetailsUITests" */ = {
			isa = XCConfigurationList;
			buildConfigurations = (
				9A9E2A362414008F0000340A /* Debug */,
				9A9E2A372414008F0000340A /* Release */,
			);
			defaultConfigurationIsVisible = 0;
			defaultConfigurationName = Release;
		};
/* End XCConfigurationList section */
	};
	rootObject = 9A9E29FD2414008C0000340A /* Project object */;
}
